// !$*UTF8*$!
{
	archiveVersion = 1;
	classes = {
	};
	objectVersion = 52;
	objects = {

/* Begin PBXBuildFile section */
		793CA99D2422BE73001D7015 /* AppDelegate.swift in Sources */ = {isa = PBXBuildFile; fileRef = 793CA99C2422BE73001D7015 /* AppDelegate.swift */; };
		793CA99F2422BE73001D7015 /* ViewController.swift in Sources */ = {isa = PBXBuildFile; fileRef = 793CA99E2422BE73001D7015 /* ViewController.swift */; };
		793CA9A22422BE73001D7015 /* Main.storyboard in Resources */ = {isa = PBXBuildFile; fileRef = 793CA9A02422BE73001D7015 /* Main.storyboard */; };
		793CA9A42422BE75001D7015 /* Assets.xcassets in Resources */ = {isa = PBXBuildFile; fileRef = 793CA9A32422BE75001D7015 /* Assets.xcassets */; };
		793CA9A72422BE75001D7015 /* LaunchScreen.storyboard in Resources */ = {isa = PBXBuildFile; fileRef = 793CA9A52422BE75001D7015 /* LaunchScreen.storyboard */; };
		7960B2AC239636DA00DC71B0 /* AppDelegate.swift in Sources */ = {isa = PBXBuildFile; fileRef = 7960B2AB239636DA00DC71B0 /* AppDelegate.swift */; };
		7960B2B0239636DA00DC71B0 /* TableViewController.swift in Sources */ = {isa = PBXBuildFile; fileRef = 7960B2AF239636DA00DC71B0 /* TableViewController.swift */; };
		7960B2B3239636DA00DC71B0 /* Main.storyboard in Resources */ = {isa = PBXBuildFile; fileRef = 7960B2B1239636DA00DC71B0 /* Main.storyboard */; };
		7960B2B5239636DC00DC71B0 /* Assets.xcassets in Resources */ = {isa = PBXBuildFile; fileRef = 7960B2B4239636DC00DC71B0 /* Assets.xcassets */; };
		7960B2B8239636DC00DC71B0 /* LaunchScreen.storyboard in Resources */ = {isa = PBXBuildFile; fileRef = 7960B2B6239636DC00DC71B0 /* LaunchScreen.storyboard */; };
		7960B2F6239638E000DC71B0 /* CityTableViewCell.xib in Resources */ = {isa = PBXBuildFile; fileRef = 7960B2DB239638E000DC71B0 /* CityTableViewCell.xib */; };
		7960B2F7239638E000DC71B0 /* City+StructurableForTableView.swift in Sources */ = {isa = PBXBuildFile; fileRef = 7960B2DC239638E000DC71B0 /* City+StructurableForTableView.swift */; };
		7960B2F8239638E000DC71B0 /* CityTableViewCell.swift in Sources */ = {isa = PBXBuildFile; fileRef = 7960B2DD239638E000DC71B0 /* CityTableViewCell.swift */; };
		7960B2F9239638E000DC71B0 /* Country+StructureCollectionSectionHeaderFooter.swift in Sources */ = {isa = PBXBuildFile; fileRef = 7960B2DF239638E000DC71B0 /* Country+StructureCollectionSectionHeaderFooter.swift */; };
		7960B2FA239638E000DC71B0 /* CountryTableHeaderView.swift in Sources */ = {isa = PBXBuildFile; fileRef = 7960B2E0239638E000DC71B0 /* CountryTableHeaderView.swift */; };
		7960B2FB239638E000DC71B0 /* CountryTableHeaderView.xib in Resources */ = {isa = PBXBuildFile; fileRef = 7960B2E1239638E000DC71B0 /* CountryTableHeaderView.xib */; };
		7960B2FC239638E000DC71B0 /* City.swift in Sources */ = {isa = PBXBuildFile; fileRef = 7960B2E3239638E000DC71B0 /* City.swift */; };
		7960B2FD239638E000DC71B0 /* Country.swift in Sources */ = {isa = PBXBuildFile; fileRef = 7960B2E4239638E000DC71B0 /* Country.swift */; };
		7960B2FE239638E000DC71B0 /* CitiesDataSource.swift in Sources */ = {isa = PBXBuildFile; fileRef = 7960B2E5239638E000DC71B0 /* CitiesDataSource.swift */; };
		7960B34D2398E62700DC71B0 /* CityCollectionViewCell.swift in Sources */ = {isa = PBXBuildFile; fileRef = 7960B34B2398E62700DC71B0 /* CityCollectionViewCell.swift */; };
		7960B34E2398E62700DC71B0 /* CityCollectionViewCell.xib in Resources */ = {isa = PBXBuildFile; fileRef = 7960B34C2398E62700DC71B0 /* CityCollectionViewCell.xib */; };
		7960B3512398E6DD00DC71B0 /* City+StructurableForCollectionView.swift in Sources */ = {isa = PBXBuildFile; fileRef = 7960B3502398E6B400DC71B0 /* City+StructurableForCollectionView.swift */; };
		7960B3522398ED2800DC71B0 /* CollectionViewController.swift in Sources */ = {isa = PBXBuildFile; fileRef = 7960B3492398E5A500DC71B0 /* CollectionViewController.swift */; };
		7960B3542398ED7600DC71B0 /* CitiesStructureBuilder.swift in Sources */ = {isa = PBXBuildFile; fileRef = 7960B3532398ED7600DC71B0 /* CitiesStructureBuilder.swift */; };
		7960B35A2398F8BF00DC71B0 /* CountrySectionHeaderCollectionReusableView.swift in Sources */ = {isa = PBXBuildFile; fileRef = 7960B3582398F8BF00DC71B0 /* CountrySectionHeaderCollectionReusableView.swift */; };
		7960B35B2398F8BF00DC71B0 /* CountrySectionHeaderCollectionReusableView.xib in Resources */ = {isa = PBXBuildFile; fileRef = 7960B3592398F8BF00DC71B0 /* CountrySectionHeaderCollectionReusableView.xib */; };
		7960B35D23990AF200DC71B0 /* Country+StructureTableSectionHeaderFooter.swift in Sources */ = {isa = PBXBuildFile; fileRef = 7960B35C23990AF200DC71B0 /* Country+StructureTableSectionHeaderFooter.swift */; };
		79AAA7BC285289620008B158 /* StructureKit in Frameworks */ = {isa = PBXBuildFile; productRef = 79AAA7BB285289620008B158 /* StructureKit */; };
		79AAA7BE285289680008B158 /* StructureKit in Frameworks */ = {isa = PBXBuildFile; productRef = 79AAA7BD285289680008B158 /* StructureKit */; };
		79E9879A28F17ABB00004EAD /* AppDelegate.swift in Sources */ = {isa = PBXBuildFile; fileRef = 79E9879928F17ABB00004EAD /* AppDelegate.swift */; };
		79E9879C28F17ABB00004EAD /* ViewController.swift in Sources */ = {isa = PBXBuildFile; fileRef = 79E9879B28F17ABB00004EAD /* ViewController.swift */; };
		79E9879E28F17ABE00004EAD /* Assets.xcassets in Resources */ = {isa = PBXBuildFile; fileRef = 79E9879D28F17ABE00004EAD /* Assets.xcassets */; };
		79E987A128F17ABF00004EAD /* Main.storyboard in Resources */ = {isa = PBXBuildFile; fileRef = 79E9879F28F17ABF00004EAD /* Main.storyboard */; };
		79E987A728F17ACD00004EAD /* StructureKit in Frameworks */ = {isa = PBXBuildFile; productRef = 79E987A628F17ACD00004EAD /* StructureKit */; };
/* End PBXBuildFile section */

/* Begin PBXFileReference section */
		793CA99A2422BE73001D7015 /* AppleTv.app */ = {isa = PBXFileReference; explicitFileType = wrapper.application; includeInIndex = 0; path = AppleTv.app; sourceTree = BUILT_PRODUCTS_DIR; };
		793CA99C2422BE73001D7015 /* AppDelegate.swift */ = {isa = PBXFileReference; lastKnownFileType = sourcecode.swift; path = AppDelegate.swift; sourceTree = "<group>"; };
		793CA99E2422BE73001D7015 /* ViewController.swift */ = {isa = PBXFileReference; lastKnownFileType = sourcecode.swift; path = ViewController.swift; sourceTree = "<group>"; };
		793CA9A12422BE73001D7015 /* Base */ = {isa = PBXFileReference; lastKnownFileType = file.storyboard; name = Base; path = Base.lproj/Main.storyboard; sourceTree = "<group>"; };
		793CA9A32422BE75001D7015 /* Assets.xcassets */ = {isa = PBXFileReference; lastKnownFileType = folder.assetcatalog; path = Assets.xcassets; sourceTree = "<group>"; };
		793CA9A62422BE75001D7015 /* Base */ = {isa = PBXFileReference; lastKnownFileType = file.storyboard; name = Base; path = Base.lproj/LaunchScreen.storyboard; sourceTree = "<group>"; };
		793CA9A82422BE75001D7015 /* Info.plist */ = {isa = PBXFileReference; lastKnownFileType = text.plist.xml; path = Info.plist; sourceTree = "<group>"; };
		7960B2A8239636DA00DC71B0 /* iOSExample.app */ = {isa = PBXFileReference; explicitFileType = wrapper.application; includeInIndex = 0; path = iOSExample.app; sourceTree = BUILT_PRODUCTS_DIR; };
		7960B2AB239636DA00DC71B0 /* AppDelegate.swift */ = {isa = PBXFileReference; lastKnownFileType = sourcecode.swift; path = AppDelegate.swift; sourceTree = "<group>"; };
		7960B2AF239636DA00DC71B0 /* TableViewController.swift */ = {isa = PBXFileReference; lastKnownFileType = sourcecode.swift; path = TableViewController.swift; sourceTree = "<group>"; };
		7960B2B2239636DA00DC71B0 /* Base */ = {isa = PBXFileReference; lastKnownFileType = file.storyboard; name = Base; path = Base.lproj/Main.storyboard; sourceTree = "<group>"; };
		7960B2B4239636DC00DC71B0 /* Assets.xcassets */ = {isa = PBXFileReference; lastKnownFileType = folder.assetcatalog; path = Assets.xcassets; sourceTree = "<group>"; };
		7960B2B7239636DC00DC71B0 /* Base */ = {isa = PBXFileReference; lastKnownFileType = file.storyboard; name = Base; path = Base.lproj/LaunchScreen.storyboard; sourceTree = "<group>"; };
		7960B2B9239636DC00DC71B0 /* Info.plist */ = {isa = PBXFileReference; lastKnownFileType = text.plist.xml; path = Info.plist; sourceTree = "<group>"; };
		7960B2DB239638E000DC71B0 /* CityTableViewCell.xib */ = {isa = PBXFileReference; fileEncoding = 4; lastKnownFileType = file.xib; path = CityTableViewCell.xib; sourceTree = "<group>"; };
		7960B2DC239638E000DC71B0 /* City+StructurableForTableView.swift */ = {isa = PBXFileReference; fileEncoding = 4; lastKnownFileType = sourcecode.swift; path = "City+StructurableForTableView.swift"; sourceTree = "<group>"; };
		7960B2DD239638E000DC71B0 /* CityTableViewCell.swift */ = {isa = PBXFileReference; fileEncoding = 4; lastKnownFileType = sourcecode.swift; path = CityTableViewCell.swift; sourceTree = "<group>"; };
		7960B2DF239638E000DC71B0 /* Country+StructureCollectionSectionHeaderFooter.swift */ = {isa = PBXFileReference; fileEncoding = 4; lastKnownFileType = sourcecode.swift; path = "Country+StructureCollectionSectionHeaderFooter.swift"; sourceTree = "<group>"; };
		7960B2E0239638E000DC71B0 /* CountryTableHeaderView.swift */ = {isa = PBXFileReference; fileEncoding = 4; lastKnownFileType = sourcecode.swift; path = CountryTableHeaderView.swift; sourceTree = "<group>"; };
		7960B2E1239638E000DC71B0 /* CountryTableHeaderView.xib */ = {isa = PBXFileReference; fileEncoding = 4; lastKnownFileType = file.xib; path = CountryTableHeaderView.xib; sourceTree = "<group>"; };
		7960B2E3239638E000DC71B0 /* City.swift */ = {isa = PBXFileReference; fileEncoding = 4; lastKnownFileType = sourcecode.swift; path = City.swift; sourceTree = "<group>"; };
		7960B2E4239638E000DC71B0 /* Country.swift */ = {isa = PBXFileReference; fileEncoding = 4; lastKnownFileType = sourcecode.swift; path = Country.swift; sourceTree = "<group>"; };
		7960B2E5239638E000DC71B0 /* CitiesDataSource.swift */ = {isa = PBXFileReference; fileEncoding = 4; lastKnownFileType = sourcecode.swift; path = CitiesDataSource.swift; sourceTree = "<group>"; };
		7960B3492398E5A500DC71B0 /* CollectionViewController.swift */ = {isa = PBXFileReference; lastKnownFileType = sourcecode.swift; path = CollectionViewController.swift; sourceTree = "<group>"; };
		7960B34B2398E62700DC71B0 /* CityCollectionViewCell.swift */ = {isa = PBXFileReference; lastKnownFileType = sourcecode.swift; path = CityCollectionViewCell.swift; sourceTree = "<group>"; };
		7960B34C2398E62700DC71B0 /* CityCollectionViewCell.xib */ = {isa = PBXFileReference; lastKnownFileType = file.xib; path = CityCollectionViewCell.xib; sourceTree = "<group>"; };
		7960B3502398E6B400DC71B0 /* City+StructurableForCollectionView.swift */ = {isa = PBXFileReference; lastKnownFileType = sourcecode.swift; path = "City+StructurableForCollectionView.swift"; sourceTree = "<group>"; };
		7960B3532398ED7600DC71B0 /* CitiesStructureBuilder.swift */ = {isa = PBXFileReference; lastKnownFileType = sourcecode.swift; path = CitiesStructureBuilder.swift; sourceTree = "<group>"; };
		7960B3582398F8BF00DC71B0 /* CountrySectionHeaderCollectionReusableView.swift */ = {isa = PBXFileReference; lastKnownFileType = sourcecode.swift; path = CountrySectionHeaderCollectionReusableView.swift; sourceTree = "<group>"; };
		7960B3592398F8BF00DC71B0 /* CountrySectionHeaderCollectionReusableView.xib */ = {isa = PBXFileReference; lastKnownFileType = file.xib; path = CountrySectionHeaderCollectionReusableView.xib; sourceTree = "<group>"; };
		7960B35C23990AF200DC71B0 /* Country+StructureTableSectionHeaderFooter.swift */ = {isa = PBXFileReference; lastKnownFileType = sourcecode.swift; path = "Country+StructureTableSectionHeaderFooter.swift"; sourceTree = "<group>"; };
		79A6286828F21AB3001E59C3 /* StructureKit */ = {isa = PBXFileReference; lastKnownFileType = wrapper; name = StructureKit; sourceTree = "<group>"; };
		79E9879728F17ABB00004EAD /* macOS.app */ = {isa = PBXFileReference; explicitFileType = wrapper.application; includeInIndex = 0; path = macOS.app; sourceTree = BUILT_PRODUCTS_DIR; };
		79E9879928F17ABB00004EAD /* AppDelegate.swift */ = {isa = PBXFileReference; lastKnownFileType = sourcecode.swift; path = AppDelegate.swift; sourceTree = "<group>"; };
		79E9879B28F17ABB00004EAD /* ViewController.swift */ = {isa = PBXFileReference; lastKnownFileType = sourcecode.swift; path = ViewController.swift; sourceTree = "<group>"; };
		79E9879D28F17ABE00004EAD /* Assets.xcassets */ = {isa = PBXFileReference; lastKnownFileType = folder.assetcatalog; path = Assets.xcassets; sourceTree = "<group>"; };
		79E987A028F17ABF00004EAD /* Base */ = {isa = PBXFileReference; lastKnownFileType = file.storyboard; name = Base; path = Base.lproj/Main.storyboard; sourceTree = "<group>"; };
		79E987A228F17ABF00004EAD /* macOS.entitlements */ = {isa = PBXFileReference; lastKnownFileType = text.plist.entitlements; path = macOS.entitlements; sourceTree = "<group>"; };
/* End PBXFileReference section */

/* Begin PBXFrameworksBuildPhase section */
		793CA9972422BE73001D7015 /* Frameworks */ = {
			isa = PBXFrameworksBuildPhase;
			buildActionMask = 2147483647;
			files = (
				79AAA7BE285289680008B158 /* StructureKit in Frameworks */,
			);
			runOnlyForDeploymentPostprocessing = 0;
		};
		7960B2A5239636DA00DC71B0 /* Frameworks */ = {
			isa = PBXFrameworksBuildPhase;
			buildActionMask = 2147483647;
			files = (
				79AAA7BC285289620008B158 /* StructureKit in Frameworks */,
			);
			runOnlyForDeploymentPostprocessing = 0;
		};
		79E9879428F17ABB00004EAD /* Frameworks */ = {
			isa = PBXFrameworksBuildPhase;
			buildActionMask = 2147483647;
			files = (
				79E987A728F17ACD00004EAD /* StructureKit in Frameworks */,
			);
			runOnlyForDeploymentPostprocessing = 0;
		};
/* End PBXFrameworksBuildPhase section */

/* Begin PBXGroup section */
		793CA99B2422BE73001D7015 /* AppleTv */ = {
			isa = PBXGroup;
			children = (
				793CA99C2422BE73001D7015 /* AppDelegate.swift */,
				793CA99E2422BE73001D7015 /* ViewController.swift */,
				793CA9A02422BE73001D7015 /* Main.storyboard */,
				793CA9A32422BE75001D7015 /* Assets.xcassets */,
				793CA9A52422BE75001D7015 /* LaunchScreen.storyboard */,
				793CA9A82422BE75001D7015 /* Info.plist */,
			);
			path = AppleTv;
			sourceTree = "<group>";
		};
		7960B29F239636DA00DC71B0 = {
			isa = PBXGroup;
			children = (
				79AAA7BF28528B000008B158 /* Packages */,
				7960B2AA239636DA00DC71B0 /* iOSExample */,
				793CA99B2422BE73001D7015 /* AppleTv */,
				79E9879828F17ABB00004EAD /* macOS */,
				7960B2A9239636DA00DC71B0 /* Products */,
				79AAA7BA285289620008B158 /* Frameworks */,
			);
			sourceTree = "<group>";
		};
		7960B2A9239636DA00DC71B0 /* Products */ = {
			isa = PBXGroup;
			children = (
				7960B2A8239636DA00DC71B0 /* iOSExample.app */,
				793CA99A2422BE73001D7015 /* AppleTv.app */,
				79E9879728F17ABB00004EAD /* macOS.app */,
			);
			name = Products;
			sourceTree = "<group>";
		};
		7960B2AA239636DA00DC71B0 /* iOSExample */ = {
			isa = PBXGroup;
			children = (
				7960B3442398E51F00DC71B0 /* Application */,
				7960B2E2239638E000DC71B0 /* DataSource */,
				7960B3432398E4F100DC71B0 /* TableViewController */,
				7960B3482398E59800DC71B0 /* CollectionViewController */,
				7960B3472398E57F00DC71B0 /* Storyboards */,
				7960B3462398E53A00DC71B0 /* Resources */,
			);
			path = iOSExample;
			sourceTree = "<group>";
		};
		7960B2DE239638E000DC71B0 /* SectionHeaders */ = {
			isa = PBXGroup;
			children = (
				7960B2E0239638E000DC71B0 /* CountryTableHeaderView.swift */,
				7960B2E1239638E000DC71B0 /* CountryTableHeaderView.xib */,
			);
			path = SectionHeaders;
			sourceTree = "<group>";
		};
		7960B2E2239638E000DC71B0 /* DataSource */ = {
			isa = PBXGroup;
			children = (
				7960B2E3239638E000DC71B0 /* City.swift */,
				7960B2E4239638E000DC71B0 /* Country.swift */,
				7960B2E5239638E000DC71B0 /* CitiesDataSource.swift */,
				7960B3532398ED7600DC71B0 /* CitiesStructureBuilder.swift */,
			);
			path = DataSource;
			sourceTree = "<group>";
		};
		7960B3422398E4B200DC71B0 /* Cells */ = {
			isa = PBXGroup;
			children = (
				7960B2DB239638E000DC71B0 /* CityTableViewCell.xib */,
				7960B2DD239638E000DC71B0 /* CityTableViewCell.swift */,
			);
			path = Cells;
			sourceTree = "<group>";
		};
		7960B3432398E4F100DC71B0 /* TableViewController */ = {
			isa = PBXGroup;
			children = (
				7960B2DE239638E000DC71B0 /* SectionHeaders */,
				7960B3422398E4B200DC71B0 /* Cells */,
				7960B3452398E52A00DC71B0 /* Models */,
				7960B2AF239636DA00DC71B0 /* TableViewController.swift */,
			);
			path = TableViewController;
			sourceTree = "<group>";
		};
		7960B3442398E51F00DC71B0 /* Application */ = {
			isa = PBXGroup;
			children = (
				7960B2B9239636DC00DC71B0 /* Info.plist */,
				7960B2AB239636DA00DC71B0 /* AppDelegate.swift */,
			);
			path = Application;
			sourceTree = "<group>";
		};
		7960B3452398E52A00DC71B0 /* Models */ = {
			isa = PBXGroup;
			children = (
				7960B35C23990AF200DC71B0 /* Country+StructureTableSectionHeaderFooter.swift */,
				7960B2DC239638E000DC71B0 /* City+StructurableForTableView.swift */,
			);
			path = Models;
			sourceTree = "<group>";
		};
		7960B3462398E53A00DC71B0 /* Resources */ = {
			isa = PBXGroup;
			children = (
				7960B2B4239636DC00DC71B0 /* Assets.xcassets */,
			);
			path = Resources;
			sourceTree = "<group>";
		};
		7960B3472398E57F00DC71B0 /* Storyboards */ = {
			isa = PBXGroup;
			children = (
				7960B2B1239636DA00DC71B0 /* Main.storyboard */,
				7960B2B6239636DC00DC71B0 /* LaunchScreen.storyboard */,
			);
			path = Storyboards;
			sourceTree = "<group>";
		};
		7960B3482398E59800DC71B0 /* CollectionViewController */ = {
			isa = PBXGroup;
			children = (
				7960B3552398F74600DC71B0 /* SectionHeaders */,
				7960B34A2398E60D00DC71B0 /* Cells */,
				7960B34F2398E6B100DC71B0 /* Models */,
				7960B3492398E5A500DC71B0 /* CollectionViewController.swift */,
			);
			path = CollectionViewController;
			sourceTree = "<group>";
		};
		7960B34A2398E60D00DC71B0 /* Cells */ = {
			isa = PBXGroup;
			children = (
				7960B34B2398E62700DC71B0 /* CityCollectionViewCell.swift */,
				7960B34C2398E62700DC71B0 /* CityCollectionViewCell.xib */,
			);
			path = Cells;
			sourceTree = "<group>";
		};
		7960B34F2398E6B100DC71B0 /* Models */ = {
			isa = PBXGroup;
			children = (
				7960B2DF239638E000DC71B0 /* Country+StructureCollectionSectionHeaderFooter.swift */,
				7960B3502398E6B400DC71B0 /* City+StructurableForCollectionView.swift */,
			);
			path = Models;
			sourceTree = "<group>";
		};
		7960B3552398F74600DC71B0 /* SectionHeaders */ = {
			isa = PBXGroup;
			children = (
				7960B3582398F8BF00DC71B0 /* CountrySectionHeaderCollectionReusableView.swift */,
				7960B3592398F8BF00DC71B0 /* CountrySectionHeaderCollectionReusableView.xib */,
			);
			path = SectionHeaders;
			sourceTree = "<group>";
		};
		79AAA7BA285289620008B158 /* Frameworks */ = {
			isa = PBXGroup;
			children = (
			);
			name = Frameworks;
			sourceTree = "<group>";
		};
		79AAA7BF28528B000008B158 /* Packages */ = {
			isa = PBXGroup;
			children = (
				79A6286828F21AB3001E59C3 /* StructureKit */,
			);
			name = Packages;
			sourceTree = "<group>";
		};
		79E9879828F17ABB00004EAD /* macOS */ = {
			isa = PBXGroup;
			children = (
				79E9879928F17ABB00004EAD /* AppDelegate.swift */,
				79E9879B28F17ABB00004EAD /* ViewController.swift */,
				79E9879D28F17ABE00004EAD /* Assets.xcassets */,
				79E9879F28F17ABF00004EAD /* Main.storyboard */,
				79E987A228F17ABF00004EAD /* macOS.entitlements */,
			);
			path = macOS;
			sourceTree = "<group>";
		};
/* End PBXGroup section */

/* Begin PBXNativeTarget section */
		793CA9992422BE73001D7015 /* AppleTv */ = {
			isa = PBXNativeTarget;
			buildConfigurationList = 793CA9AB2422BE75001D7015 /* Build configuration list for PBXNativeTarget "AppleTv" */;
			buildPhases = (
				793CA9962422BE73001D7015 /* Sources */,
				793CA9972422BE73001D7015 /* Frameworks */,
				793CA9982422BE73001D7015 /* Resources */,
			);
			buildRules = (
			);
			dependencies = (
			);
			name = AppleTv;
			packageProductDependencies = (
				79AAA7BD285289680008B158 /* StructureKit */,
			);
			productName = AppleTv;
			productReference = 793CA99A2422BE73001D7015 /* AppleTv.app */;
			productType = "com.apple.product-type.application";
		};
		7960B2A7239636DA00DC71B0 /* iOSExample */ = {
			isa = PBXNativeTarget;
			buildConfigurationList = 7960B2BC239636DC00DC71B0 /* Build configuration list for PBXNativeTarget "iOSExample" */;
			buildPhases = (
				7960B2A4239636DA00DC71B0 /* Sources */,
				7960B2A5239636DA00DC71B0 /* Frameworks */,
				7960B2A6239636DA00DC71B0 /* Resources */,
			);
			buildRules = (
			);
			dependencies = (
			);
			name = iOSExample;
			packageProductDependencies = (
				79AAA7BB285289620008B158 /* StructureKit */,
			);
			productName = StructureKit;
			productReference = 7960B2A8239636DA00DC71B0 /* iOSExample.app */;
			productType = "com.apple.product-type.application";
		};
		79E9879628F17ABB00004EAD /* macOS */ = {
			isa = PBXNativeTarget;
			buildConfigurationList = 79E987A328F17ABF00004EAD /* Build configuration list for PBXNativeTarget "macOS" */;
			buildPhases = (
				79E9879328F17ABB00004EAD /* Sources */,
				79E9879428F17ABB00004EAD /* Frameworks */,
				79E9879528F17ABB00004EAD /* Resources */,
			);
			buildRules = (
			);
			dependencies = (
			);
			name = macOS;
			packageProductDependencies = (
				79E987A628F17ACD00004EAD /* StructureKit */,
			);
			productName = macOS;
			productReference = 79E9879728F17ABB00004EAD /* macOS.app */;
			productType = "com.apple.product-type.application";
		};
/* End PBXNativeTarget section */

/* Begin PBXProject section */
		7960B2A0239636DA00DC71B0 /* Project object */ = {
			isa = PBXProject;
			attributes = {
				LastSwiftUpdateCheck = 1340;
				LastUpgradeCheck = 1120;
				TargetAttributes = {
					793CA9992422BE73001D7015 = {
						CreatedOnToolsVersion = 11.2.1;
					};
					7960B2A7239636DA00DC71B0 = {
						CreatedOnToolsVersion = 11.2.1;
					};
					79E9879628F17ABB00004EAD = {
						CreatedOnToolsVersion = 13.4.1;
					};
				};
			};
			buildConfigurationList = 7960B2A3239636DA00DC71B0 /* Build configuration list for PBXProject "StructureKit" */;
			compatibilityVersion = "Xcode 9.3";
			developmentRegion = en;
			hasScannedForEncodings = 0;
			knownRegions = (
				en,
				Base,
			);
			mainGroup = 7960B29F239636DA00DC71B0;
			productRefGroup = 7960B2A9239636DA00DC71B0 /* Products */;
			projectDirPath = "";
			projectRoot = "";
			targets = (
				7960B2A7239636DA00DC71B0 /* iOSExample */,
				793CA9992422BE73001D7015 /* AppleTv */,
				79E9879628F17ABB00004EAD /* macOS */,
			);
		};
/* End PBXProject section */

/* Begin PBXResourcesBuildPhase section */
		793CA9982422BE73001D7015 /* Resources */ = {
			isa = PBXResourcesBuildPhase;
			buildActionMask = 2147483647;
			files = (
				793CA9A72422BE75001D7015 /* LaunchScreen.storyboard in Resources */,
				793CA9A42422BE75001D7015 /* Assets.xcassets in Resources */,
				793CA9A22422BE73001D7015 /* Main.storyboard in Resources */,
			);
			runOnlyForDeploymentPostprocessing = 0;
		};
		7960B2A6239636DA00DC71B0 /* Resources */ = {
			isa = PBXResourcesBuildPhase;
			buildActionMask = 2147483647;
			files = (
				7960B2B8239636DC00DC71B0 /* LaunchScreen.storyboard in Resources */,
				7960B34E2398E62700DC71B0 /* CityCollectionViewCell.xib in Resources */,
				7960B2B5239636DC00DC71B0 /* Assets.xcassets in Resources */,
				7960B2F6239638E000DC71B0 /* CityTableViewCell.xib in Resources */,
				7960B2B3239636DA00DC71B0 /* Main.storyboard in Resources */,
				7960B35B2398F8BF00DC71B0 /* CountrySectionHeaderCollectionReusableView.xib in Resources */,
				7960B2FB239638E000DC71B0 /* CountryTableHeaderView.xib in Resources */,
			);
			runOnlyForDeploymentPostprocessing = 0;
		};
		79E9879528F17ABB00004EAD /* Resources */ = {
			isa = PBXResourcesBuildPhase;
			buildActionMask = 2147483647;
			files = (
				79E9879E28F17ABE00004EAD /* Assets.xcassets in Resources */,
				79E987A128F17ABF00004EAD /* Main.storyboard in Resources */,
			);
			runOnlyForDeploymentPostprocessing = 0;
		};
/* End PBXResourcesBuildPhase section */

/* Begin PBXSourcesBuildPhase section */
		793CA9962422BE73001D7015 /* Sources */ = {
			isa = PBXSourcesBuildPhase;
			buildActionMask = 2147483647;
			files = (
				793CA99F2422BE73001D7015 /* ViewController.swift in Sources */,
				793CA99D2422BE73001D7015 /* AppDelegate.swift in Sources */,
			);
			runOnlyForDeploymentPostprocessing = 0;
		};
		7960B2A4239636DA00DC71B0 /* Sources */ = {
			isa = PBXSourcesBuildPhase;
			buildActionMask = 2147483647;
			files = (
				7960B3522398ED2800DC71B0 /* CollectionViewController.swift in Sources */,
				7960B2F9239638E000DC71B0 /* Country+StructureCollectionSectionHeaderFooter.swift in Sources */,
				7960B2F7239638E000DC71B0 /* City+StructurableForTableView.swift in Sources */,
				7960B3512398E6DD00DC71B0 /* City+StructurableForCollectionView.swift in Sources */,
				7960B2FA239638E000DC71B0 /* CountryTableHeaderView.swift in Sources */,
				7960B2B0239636DA00DC71B0 /* TableViewController.swift in Sources */,
				7960B2FD239638E000DC71B0 /* Country.swift in Sources */,
				7960B3542398ED7600DC71B0 /* CitiesStructureBuilder.swift in Sources */,
				7960B34D2398E62700DC71B0 /* CityCollectionViewCell.swift in Sources */,
				7960B2F8239638E000DC71B0 /* CityTableViewCell.swift in Sources */,
				7960B2AC239636DA00DC71B0 /* AppDelegate.swift in Sources */,
				7960B2FC239638E000DC71B0 /* City.swift in Sources */,
				7960B35D23990AF200DC71B0 /* Country+StructureTableSectionHeaderFooter.swift in Sources */,
				7960B2FE239638E000DC71B0 /* CitiesDataSource.swift in Sources */,
				7960B35A2398F8BF00DC71B0 /* CountrySectionHeaderCollectionReusableView.swift in Sources */,
			);
			runOnlyForDeploymentPostprocessing = 0;
		};
		79E9879328F17ABB00004EAD /* Sources */ = {
			isa = PBXSourcesBuildPhase;
			buildActionMask = 2147483647;
			files = (
				79E9879C28F17ABB00004EAD /* ViewController.swift in Sources */,
				79E9879A28F17ABB00004EAD /* AppDelegate.swift in Sources */,
			);
			runOnlyForDeploymentPostprocessing = 0;
		};
/* End PBXSourcesBuildPhase section */

/* Begin PBXVariantGroup section */
		793CA9A02422BE73001D7015 /* Main.storyboard */ = {
			isa = PBXVariantGroup;
			children = (
				793CA9A12422BE73001D7015 /* Base */,
			);
			name = Main.storyboard;
			sourceTree = "<group>";
		};
		793CA9A52422BE75001D7015 /* LaunchScreen.storyboard */ = {
			isa = PBXVariantGroup;
			children = (
				793CA9A62422BE75001D7015 /* Base */,
			);
			name = LaunchScreen.storyboard;
			sourceTree = "<group>";
		};
		7960B2B1239636DA00DC71B0 /* Main.storyboard */ = {
			isa = PBXVariantGroup;
			children = (
				7960B2B2239636DA00DC71B0 /* Base */,
			);
			name = Main.storyboard;
			sourceTree = "<group>";
		};
		7960B2B6239636DC00DC71B0 /* LaunchScreen.storyboard */ = {
			isa = PBXVariantGroup;
			children = (
				7960B2B7239636DC00DC71B0 /* Base */,
			);
			name = LaunchScreen.storyboard;
			sourceTree = "<group>";
		};
		79E9879F28F17ABF00004EAD /* Main.storyboard */ = {
			isa = PBXVariantGroup;
			children = (
				79E987A028F17ABF00004EAD /* Base */,
			);
			name = Main.storyboard;
			sourceTree = "<group>";
		};
/* End PBXVariantGroup section */

/* Begin XCBuildConfiguration section */
		793CA9A92422BE75001D7015 /* Debug */ = {
			isa = XCBuildConfiguration;
			buildSettings = {
				ASSETCATALOG_COMPILER_APPICON_NAME = "App Icon & Top Shelf Image";
				CODE_SIGN_STYLE = Automatic;
				INFOPLIST_FILE = AppleTv/Info.plist;
				LD_RUNPATH_SEARCH_PATHS = (
					"$(inherited)",
					"@executable_path/Frameworks",
				);
				PRODUCT_BUNDLE_IDENTIFIER = info.kuzmenko.AppleTv;
				PRODUCT_NAME = "$(TARGET_NAME)";
				SDKROOT = appletvos;
				SWIFT_VERSION = 5.0;
				TARGETED_DEVICE_FAMILY = 3;
				TVOS_DEPLOYMENT_TARGET = 9.0;
			};
			name = Debug;
		};
		793CA9AA2422BE75001D7015 /* Release */ = {
			isa = XCBuildConfiguration;
			buildSettings = {
				ASSETCATALOG_COMPILER_APPICON_NAME = "App Icon & Top Shelf Image";
				CODE_SIGN_STYLE = Automatic;
				INFOPLIST_FILE = AppleTv/Info.plist;
				LD_RUNPATH_SEARCH_PATHS = (
					"$(inherited)",
					"@executable_path/Frameworks",
				);
				PRODUCT_BUNDLE_IDENTIFIER = info.kuzmenko.AppleTv;
				PRODUCT_NAME = "$(TARGET_NAME)";
				SDKROOT = appletvos;
				SWIFT_VERSION = 5.0;
				TARGETED_DEVICE_FAMILY = 3;
				TVOS_DEPLOYMENT_TARGET = 9.0;
			};
			name = Release;
		};
		7960B2BA239636DC00DC71B0 /* Debug */ = {
			isa = XCBuildConfiguration;
			buildSettings = {
				ALWAYS_SEARCH_USER_PATHS = NO;
				CLANG_ANALYZER_NONNULL = YES;
				CLANG_ANALYZER_NUMBER_OBJECT_CONVERSION = YES_AGGRESSIVE;
				CLANG_CXX_LANGUAGE_STANDARD = "gnu++14";
				CLANG_CXX_LIBRARY = "libc++";
				CLANG_ENABLE_MODULES = YES;
				CLANG_ENABLE_OBJC_ARC = YES;
				CLANG_ENABLE_OBJC_WEAK = YES;
				CLANG_WARN_BLOCK_CAPTURE_AUTORELEASING = YES;
				CLANG_WARN_BOOL_CONVERSION = YES;
				CLANG_WARN_COMMA = YES;
				CLANG_WARN_CONSTANT_CONVERSION = YES;
				CLANG_WARN_DEPRECATED_OBJC_IMPLEMENTATIONS = YES;
				CLANG_WARN_DIRECT_OBJC_ISA_USAGE = YES_ERROR;
				CLANG_WARN_DOCUMENTATION_COMMENTS = YES;
				CLANG_WARN_EMPTY_BODY = YES;
				CLANG_WARN_ENUM_CONVERSION = YES;
				CLANG_WARN_INFINITE_RECURSION = YES;
				CLANG_WARN_INT_CONVERSION = YES;
				CLANG_WARN_NON_LITERAL_NULL_CONVERSION = YES;
				CLANG_WARN_OBJC_IMPLICIT_RETAIN_SELF = YES;
				CLANG_WARN_OBJC_LITERAL_CONVERSION = YES;
				CLANG_WARN_OBJC_ROOT_CLASS = YES_ERROR;
				CLANG_WARN_RANGE_LOOP_ANALYSIS = YES;
				CLANG_WARN_STRICT_PROTOTYPES = YES;
				CLANG_WARN_SUSPICIOUS_MOVE = YES;
				CLANG_WARN_UNGUARDED_AVAILABILITY = YES_AGGRESSIVE;
				CLANG_WARN_UNREACHABLE_CODE = YES;
				CLANG_WARN__DUPLICATE_METHOD_MATCH = YES;
				COPY_PHASE_STRIP = NO;
				DEBUG_INFORMATION_FORMAT = dwarf;
				ENABLE_STRICT_OBJC_MSGSEND = YES;
				ENABLE_TESTABILITY = YES;
				GCC_C_LANGUAGE_STANDARD = gnu11;
				GCC_DYNAMIC_NO_PIC = NO;
				GCC_NO_COMMON_BLOCKS = YES;
				GCC_OPTIMIZATION_LEVEL = 0;
				GCC_PREPROCESSOR_DEFINITIONS = (
					"DEBUG=1",
					"$(inherited)",
				);
				GCC_WARN_64_TO_32_BIT_CONVERSION = YES;
				GCC_WARN_ABOUT_RETURN_TYPE = YES_ERROR;
				GCC_WARN_UNDECLARED_SELECTOR = YES;
				GCC_WARN_UNINITIALIZED_AUTOS = YES_AGGRESSIVE;
				GCC_WARN_UNUSED_FUNCTION = YES;
				GCC_WARN_UNUSED_VARIABLE = YES;
				IPHONEOS_DEPLOYMENT_TARGET = 13.2;
				MTL_ENABLE_DEBUG_INFO = INCLUDE_SOURCE;
				MTL_FAST_MATH = YES;
				ONLY_ACTIVE_ARCH = YES;
				SDKROOT = iphoneos;
				SWIFT_ACTIVE_COMPILATION_CONDITIONS = DEBUG;
				SWIFT_OPTIMIZATION_LEVEL = "-Onone";
			};
			name = Debug;
		};
		7960B2BB239636DC00DC71B0 /* Release */ = {
			isa = XCBuildConfiguration;
			buildSettings = {
				ALWAYS_SEARCH_USER_PATHS = NO;
				CLANG_ANALYZER_NONNULL = YES;
				CLANG_ANALYZER_NUMBER_OBJECT_CONVERSION = YES_AGGRESSIVE;
				CLANG_CXX_LANGUAGE_STANDARD = "gnu++14";
				CLANG_CXX_LIBRARY = "libc++";
				CLANG_ENABLE_MODULES = YES;
				CLANG_ENABLE_OBJC_ARC = YES;
				CLANG_ENABLE_OBJC_WEAK = YES;
				CLANG_WARN_BLOCK_CAPTURE_AUTORELEASING = YES;
				CLANG_WARN_BOOL_CONVERSION = YES;
				CLANG_WARN_COMMA = YES;
				CLANG_WARN_CONSTANT_CONVERSION = YES;
				CLANG_WARN_DEPRECATED_OBJC_IMPLEMENTATIONS = YES;
				CLANG_WARN_DIRECT_OBJC_ISA_USAGE = YES_ERROR;
				CLANG_WARN_DOCUMENTATION_COMMENTS = YES;
				CLANG_WARN_EMPTY_BODY = YES;
				CLANG_WARN_ENUM_CONVERSION = YES;
				CLANG_WARN_INFINITE_RECURSION = YES;
				CLANG_WARN_INT_CONVERSION = YES;
				CLANG_WARN_NON_LITERAL_NULL_CONVERSION = YES;
				CLANG_WARN_OBJC_IMPLICIT_RETAIN_SELF = YES;
				CLANG_WARN_OBJC_LITERAL_CONVERSION = YES;
				CLANG_WARN_OBJC_ROOT_CLASS = YES_ERROR;
				CLANG_WARN_RANGE_LOOP_ANALYSIS = YES;
				CLANG_WARN_STRICT_PROTOTYPES = YES;
				CLANG_WARN_SUSPICIOUS_MOVE = YES;
				CLANG_WARN_UNGUARDED_AVAILABILITY = YES_AGGRESSIVE;
				CLANG_WARN_UNREACHABLE_CODE = YES;
				CLANG_WARN__DUPLICATE_METHOD_MATCH = YES;
				COPY_PHASE_STRIP = NO;
				DEBUG_INFORMATION_FORMAT = "dwarf-with-dsym";
				ENABLE_NS_ASSERTIONS = NO;
				ENABLE_STRICT_OBJC_MSGSEND = YES;
				GCC_C_LANGUAGE_STANDARD = gnu11;
				GCC_NO_COMMON_BLOCKS = YES;
				GCC_WARN_64_TO_32_BIT_CONVERSION = YES;
				GCC_WARN_ABOUT_RETURN_TYPE = YES_ERROR;
				GCC_WARN_UNDECLARED_SELECTOR = YES;
				GCC_WARN_UNINITIALIZED_AUTOS = YES_AGGRESSIVE;
				GCC_WARN_UNUSED_FUNCTION = YES;
				GCC_WARN_UNUSED_VARIABLE = YES;
				IPHONEOS_DEPLOYMENT_TARGET = 13.2;
				MTL_ENABLE_DEBUG_INFO = NO;
				MTL_FAST_MATH = YES;
				SDKROOT = iphoneos;
				SWIFT_COMPILATION_MODE = wholemodule;
				SWIFT_OPTIMIZATION_LEVEL = "-O";
				VALIDATE_PRODUCT = YES;
			};
			name = Release;
		};
		7960B2BD239636DC00DC71B0 /* Debug */ = {
			isa = XCBuildConfiguration;
			buildSettings = {
				ASSETCATALOG_COMPILER_APPICON_NAME = AppIcon;
				CODE_SIGN_STYLE = Automatic;
				DEVELOPMENT_TEAM = 34YX679QH2;
				INFOPLIST_FILE = "$(SRCROOT)/iOSExample/Application/Info.plist";
				IPHONEOS_DEPLOYMENT_TARGET = 9.0;
				LD_RUNPATH_SEARCH_PATHS = (
					"$(inherited)",
					"@executable_path/Frameworks",
				);
				PRODUCT_BUNDLE_IDENTIFIER = info.kuzmenko.StructureKit;
				PRODUCT_NAME = "$(TARGET_NAME)";
				SWIFT_VERSION = 5.0;
				TARGETED_DEVICE_FAMILY = "1,2";
			};
			name = Debug;
		};
		7960B2BE239636DC00DC71B0 /* Release */ = {
			isa = XCBuildConfiguration;
			buildSettings = {
				ASSETCATALOG_COMPILER_APPICON_NAME = AppIcon;
				CODE_SIGN_STYLE = Automatic;
				DEVELOPMENT_TEAM = 34YX679QH2;
				INFOPLIST_FILE = "$(SRCROOT)/iOSExample/Application/Info.plist";
				IPHONEOS_DEPLOYMENT_TARGET = 9.0;
				LD_RUNPATH_SEARCH_PATHS = (
					"$(inherited)",
					"@executable_path/Frameworks",
				);
				PRODUCT_BUNDLE_IDENTIFIER = info.kuzmenko.StructureKit;
				PRODUCT_NAME = "$(TARGET_NAME)";
				SWIFT_VERSION = 5.0;
				TARGETED_DEVICE_FAMILY = "1,2";
			};
			name = Release;
		};
		79E987A428F17ABF00004EAD /* Debug */ = {
			isa = XCBuildConfiguration;
			buildSettings = {
				ASSETCATALOG_COMPILER_APPICON_NAME = AppIcon;
				ASSETCATALOG_COMPILER_GLOBAL_ACCENT_COLOR_NAME = AccentColor;
				CLANG_CXX_LANGUAGE_STANDARD = "gnu++17";
				CLANG_WARN_QUOTED_INCLUDE_IN_FRAMEWORK_HEADER = YES;
				CODE_SIGN_ENTITLEMENTS = macOS/macOS.entitlements;
				CODE_SIGN_STYLE = Automatic;
				COMBINE_HIDPI_IMAGES = YES;
				CURRENT_PROJECT_VERSION = 1;
				DEVELOPMENT_TEAM = 34YX679QH2;
				ENABLE_HARDENED_RUNTIME = YES;
				GENERATE_INFOPLIST_FILE = YES;
				INFOPLIST_KEY_NSHumanReadableCopyright = "";
				INFOPLIST_KEY_NSMainStoryboardFile = Main;
				INFOPLIST_KEY_NSPrincipalClass = NSApplication;
				LD_RUNPATH_SEARCH_PATHS = (
					"$(inherited)",
					"@executable_path/../Frameworks",
				);
				MACOSX_DEPLOYMENT_TARGET = 11.0;
				MARKETING_VERSION = 1.0;
				PRODUCT_BUNDLE_IDENTIFIER = info.kuzmenko.macOS;
				PRODUCT_NAME = "$(TARGET_NAME)";
				SDKROOT = macosx;
				SWIFT_EMIT_LOC_STRINGS = YES;
				SWIFT_VERSION = 5.0;
			};
			name = Debug;
		};
		79E987A528F17ABF00004EAD /* Release */ = {
			isa = XCBuildConfiguration;
			buildSettings = {
				ASSETCATALOG_COMPILER_APPICON_NAME = AppIcon;
				ASSETCATALOG_COMPILER_GLOBAL_ACCENT_COLOR_NAME = AccentColor;
				CLANG_CXX_LANGUAGE_STANDARD = "gnu++17";
				CLANG_WARN_QUOTED_INCLUDE_IN_FRAMEWORK_HEADER = YES;
				CODE_SIGN_ENTITLEMENTS = macOS/macOS.entitlements;
				CODE_SIGN_STYLE = Automatic;
				COMBINE_HIDPI_IMAGES = YES;
				CURRENT_PROJECT_VERSION = 1;
				DEVELOPMENT_TEAM = 34YX679QH2;
				ENABLE_HARDENED_RUNTIME = YES;
				GENERATE_INFOPLIST_FILE = YES;
				INFOPLIST_KEY_NSHumanReadableCopyright = "";
				INFOPLIST_KEY_NSMainStoryboardFile = Main;
				INFOPLIST_KEY_NSPrincipalClass = NSApplication;
				LD_RUNPATH_SEARCH_PATHS = (
					"$(inherited)",
					"@executable_path/../Frameworks",
				);
				MACOSX_DEPLOYMENT_TARGET = 11.0;
				MARKETING_VERSION = 1.0;
				PRODUCT_BUNDLE_IDENTIFIER = info.kuzmenko.macOS;
				PRODUCT_NAME = "$(TARGET_NAME)";
				SDKROOT = macosx;
				SWIFT_EMIT_LOC_STRINGS = YES;
				SWIFT_VERSION = 5.0;
			};
			name = Release;
		};
/* End XCBuildConfiguration section */

/* Begin XCConfigurationList section */
		793CA9AB2422BE75001D7015 /* Build configuration list for PBXNativeTarget "AppleTv" */ = {
			isa = XCConfigurationList;
			buildConfigurations = (
				793CA9A92422BE75001D7015 /* Debug */,
				793CA9AA2422BE75001D7015 /* Release */,
			);
			defaultConfigurationIsVisible = 0;
			defaultConfigurationName = Release;
		};
		7960B2A3239636DA00DC71B0 /* Build configuration list for PBXProject "StructureKit" */ = {
			isa = XCConfigurationList;
			buildConfigurations = (
				7960B2BA239636DC00DC71B0 /* Debug */,
				7960B2BB239636DC00DC71B0 /* Release */,
			);
			defaultConfigurationIsVisible = 0;
			defaultConfigurationName = Release;
		};
		7960B2BC239636DC00DC71B0 /* Build configuration list for PBXNativeTarget "iOSExample" */ = {
			isa = XCConfigurationList;
			buildConfigurations = (
				7960B2BD239636DC00DC71B0 /* Debug */,
				7960B2BE239636DC00DC71B0 /* Release */,
			);
			defaultConfigurationIsVisible = 0;
			defaultConfigurationName = Release;
		};
		79E987A328F17ABF00004EAD /* Build configuration list for PBXNativeTarget "macOS" */ = {
			isa = XCConfigurationList;
			buildConfigurations = (
				79E987A428F17ABF00004EAD /* Debug */,
				79E987A528F17ABF00004EAD /* Release */,
			);
			defaultConfigurationIsVisible = 0;
			defaultConfigurationName = Release;
		};
/* End XCConfigurationList section */

/* Begin XCSwiftPackageProductDependency section */
		79AAA7BB285289620008B158 /* StructureKit */ = {
			isa = XCSwiftPackageProductDependency;
			productName = StructureKit;
		};
		79AAA7BD285289680008B158 /* StructureKit */ = {
			isa = XCSwiftPackageProductDependency;
			productName = StructureKit;
		};
		79E987A628F17ACD00004EAD /* StructureKit */ = {
			isa = XCSwiftPackageProductDependency;
			productName = StructureKit;
		};
/* End XCSwiftPackageProductDependency section */
	};
	rootObject = 7960B2A0239636DA00DC71B0 /* Project object */;
}
